
Microsoft Visual Studio Solution File, Format Version 12.00
# Visual Studio Version 17
VisualStudioVersion = 17.11.35312.102
MinimumVisualStudioVersion = 10.0.40219.1
Project("{FAE04EC0-301F-11D3-BF4B-00C04F79EFBC}") = "LibraryManagerApp", "LibraryManagerApp\LibraryManagerApp.csproj", "{A93972D5-2C94-4FB7-B2FF-64259B050600}"
EndProject
Global
	GlobalSection(SolutionConfigurationPlatforms) = preSolution
		Debug|Any CPU = Debug|Any CPU
		Release|Any CPU = Release|Any CPU
	EndGlobalSection
	GlobalSection(ProjectConfigurationPlatforms) = postSolution
		{A93972D5-2C94-4FB7-B2FF-64259B050600}.Debug|Any CPU.ActiveCfg = Debug|Any CPU
		{A93972D5-2C94-4FB7-B2FF-64259B050600}.Debug|Any CPU.Build.0 = Debug|Any CPU
		{A93972D5-2C94-4FB7-B2FF-64259B050600}.Release|Any CPU.ActiveCfg = Release|Any CPU
		{A93972D5-2C94-4FB7-B2FF-64259B050600}.Release|Any CPU.Build.0 = Release|Any CPU
	EndGlobalSection
	GlobalSection(SolutionProperties) = preSolution
		HideSolutionNode = FALSE
	EndGlobalSection
	GlobalSection(ExtensibilityGlobals) = postSolution
		SolutionGuid = {5CCCBFAC-69D3-4867-A349-1DBEB42E9082}
	EndGlobalSection
EndGlobal
